
Microsoft Visual Studio Solution File, Format Version 12.00
# Visual Studio Version 17
VisualStudioVersion = 17.14.36811.4 d17.14
MinimumVisualStudioVersion = 10.0.40219.1
Project("{FAE04EC0-301F-11D3-BF4B-00C04F79EFBC}") = "Test2", "Test2\Test2.csproj", "{7F1DD31F-371B-4BA0-B7B5-95B8E16B86EF}"
EndProject
Global
	GlobalSection(SolutionConfigurationPlatforms) = preSolution
		Debug|Any CPU = Debug|Any CPU
		Release|Any CPU = Release|Any CPU
	EndGlobalSection
	GlobalSection(ProjectConfigurationPlatforms) = postSolution
		{7F1DD31F-371B-4BA0-B7B5-95B8E16B86EF}.Debug|Any CPU.ActiveCfg = Debug|Any CPU
		{7F1DD31F-371B-4BA0-B7B5-95B8E16B86EF}.Debug|Any CPU.Build.0 = Debug|Any CPU
		{7F1DD31F-371B-4BA0-B7B5-95B8E16B86EF}.Release|Any CPU.ActiveCfg = Release|Any CPU
		{7F1DD31F-371B-4BA0-B7B5-95B8E16B86EF}.Release|Any CPU.Build.0 = Release|Any CPU
	EndGlobalSection
	GlobalSection(SolutionProperties) = preSolution
		HideSolutionNode = FALSE
	EndGlobalSection
	GlobalSection(ExtensibilityGlobals) = postSolution
		SolutionGuid = {A0E6B6B9-7C19-472E-8CFD-6100DF42472E}
	EndGlobalSection
EndGlobal
